
Microsoft Visual Studio Solution File, Format Version 12.00
# Visual Studio Version 17
VisualStudioVersion = 17.8.34330.188
MinimumVisualStudioVersion = 10.0.40219.1
Project("{8BC9CEB8-8B4A-11D0-8D11-00A0C91BC942}") = "How C++ Works", "How C++ Works.vcxproj", "{8F8D6D51-A359-47B7-88A8-00AC8C2325DE}"
EndProject
Project("{8BC9CEB8-8B4A-11D0-8D11-00A0C91BC942}") = "HowPreProcessorWorks1", "..\HowCppCompilerWorks\HowCppCompilerWorks.vcxproj", "{7BC489C1-2613-47F9-BDF2-EDDEEBAC642C}"
EndProject
Project("{8BC9CEB8-8B4A-11D0-8D11-00A0C91BC942}") = "HowTheCppCompilerWorks", "..\HowTheCppCompilerWorks\HowTheCppCompilerWorks.vcxproj", "{9AD1D281-2555-417D-AF01-B29F99F20A2E}"
EndProject
Project("{8BC9CEB8-8B4A-11D0-8D11-00A0C91BC942}") = "HowCppLinkerWorks1", "..\HowCppLinkerWorks\HowCppLinkerWorks.vcxproj", "{9BC5F83F-9B33-4688-A454-ECB82B13A505}"
EndProject
Project("{8BC9CEB8-8B4A-11D0-8D11-00A0C91BC942}") = "HowCppLinkerWorks2", "..\HowCppLinkerWorks2.cpp\HowCppLinkerWorks2.cpp.vcxproj", "{82E365D5-04EE-4AE8-B3E6-BA72F775BAFC}"
EndProject
Project("{8BC9CEB8-8B4A-11D0-8D11-00A0C91BC942}") = "HowCppPreprocessorWorks2", "..\HowCppPreprocessorWorks2\HowCppPreprocessorWorks2.vcxproj", "{BA14763E-EAEF-4EEF-B4F4-9FAEF67CE2AF}"
EndProject
Project("{2150E333-8FDC-42A3-9474-1A3956D46DE8}") = "HowCppLinkerWorks", "HowCppLinkerWorks", "{35DF991A-3F4C-4FD8-AB8C-C95188A575AA}"
EndProject
Project("{2150E333-8FDC-42A3-9474-1A3956D46DE8}") = "Control Flow in C++ (continue, break, return)", "Control Flow in C++ (continue, break, return)", "{FEFD9A96-BF20-4185-B32E-60237CEF3B6A}"
EndProject
Project("{8BC9CEB8-8B4A-11D0-8D11-00A0C91BC942}") = "VariablesInCpp", "..\Variables\Variables.vcxproj", "{E582156F-34BA-4BC2-9586-5BBC5FD7A3E1}"
EndProject
Project("{8BC9CEB8-8B4A-11D0-8D11-00A0C91BC942}") = "FunctionsInC++", "..\FunctionsInC++\FunctionsInC++.vcxproj", "{94F8D78F-538B-4046-BBA8-21DD577078CE}"
EndProject
Project("{8BC9CEB8-8B4A-11D0-8D11-00A0C91BC942}") = "C++HeaderFiles", "..\C++HeaderFiles\C++HeaderFiles.vcxproj", "{9BF49FD6-05F9-4C32-AC83-E33C92CF52AE}"
EndProject
Project("{8BC9CEB8-8B4A-11D0-8D11-00A0C91BC942}") = "HowToDebugC++InVS", "..\How to DEBUG C++ in VISUAL STUDIO\How to DEBUG C++ in VISUAL STUDIO.vcxproj", "{9C4DA3AB-C604-45A6-B1F3-231E0871F732}"
EndProject
Project("{8BC9CEB8-8B4A-11D0-8D11-00A0C91BC942}") = "CONDITIONS and BRANCHES in C++ (if statements)", "..\CONDITIONS and BRANCHES in C++ (if statements)\CONDITIONS and BRANCHES in C++ (if statements).vcxproj", "{0A11DB82-E6F8-4B82-9A87-9912B54C13B6}"
EndProject
Project("{8BC9CEB8-8B4A-11D0-8D11-00A0C91BC942}") = "Loops in C++ (for loops, while loops)", "..\Loops in C++ (for loops, while loops)\Loops in C++ (for loops, while loops).vcxproj", "{BF8D1A98-364D-4034-9ED6-4CFA55AFE2D2}"
EndProject
Project("{8BC9CEB8-8B4A-11D0-8D11-00A0C91BC942}") = "Control Flow in C++ (continue, break, return)", "..\Control Flow in C++ (continue, break, return)\Control Flow in C++ (continue, break, return).vcxproj", "{2A6EDA8D-7880-4106-AD60-3E3A097A8A85}"
EndProject
Project("{2150E333-8FDC-42A3-9474-1A3956D46DE8}") = "ENUMS in C++", "ENUMS in C++", "{9587DBD8-68CF-4874-A094-1FFA3A110164}"
EndProject
Project("{8BC9CEB8-8B4A-11D0-8D11-00A0C91BC942}") = "POINTERS in C++", "..\POINTERS in C++\POINTERS in C++.vcxproj", "{37FEB363-DC1A-4B41-9B07-B282F300B5DD}"
EndProject
Project("{8BC9CEB8-8B4A-11D0-8D11-00A0C91BC942}") = "TypeConversion", "..\TypeConversion\TypeConversion.vcxproj", "{9D70E623-37D1-4858-B82C-AB8031EF1D06}"
EndProject
Project("{8BC9CEB8-8B4A-11D0-8D11-00A0C91BC942}") = "REFERENCES in C++", "..\REFERENCES in C++\REFERENCES in C++.vcxproj", "{1FA33EC8-150E-4260-AF1F-BEC399C9962A}"
EndProject
Project("{8BC9CEB8-8B4A-11D0-8D11-00A0C91BC942}") = "ClassesInC++", "..\ClassesInC++\ClassesInC++.vcxproj", "{881FEA05-102E-4623-8B37-271E8FBEB999}"
EndProject
Project("{8BC9CEB8-8B4A-11D0-8D11-00A0C91BC942}") = "StaticInC++", "..\StaticInC++\StaticInC++.vcxproj", "{FF9FDBDB-4AEB-462F-AF1F-62D34F0B2A11}"
EndProject
Project("{8BC9CEB8-8B4A-11D0-8D11-00A0C91BC942}") = "Static for Classes and Structs in C++", "..\Static for Classes and Structs in C++\Static for Classes and Structs in C++.vcxproj", "{AC18A2D5-8040-4EB5-8404-8E79663F6C5E}"
EndProject
Project("{8BC9CEB8-8B4A-11D0-8D11-00A0C91BC942}") = "ENUMS in C++", "..\ENUMS in C++\ENUMS in C++.vcxproj", "{A8DC4226-5BA9-46C1-96B5-9DD7E95DB777}"
EndProject
Project("{2150E333-8FDC-42A3-9474-1A3956D46DE8}") = "Interfaces in C++ (Pure Virtual Functions)", "Interfaces in C++ (Pure Virtual Functions)", "{099DF39F-1A42-4500-A740-74FEB304D1D3}"
EndProject
Project("{8BC9CEB8-8B4A-11D0-8D11-00A0C91BC942}") = "Constructors in C++", "..\Constructors in C++\Constructors in C++.vcxproj", "{B9A64385-4C0A-4C96-888D-1BC95C7C6843}"
EndProject
Project("{8BC9CEB8-8B4A-11D0-8D11-00A0C91BC942}") = "Destructors in C++", "..\Destructors in C++\Destructors in C++.vcxproj", "{6151F2FE-5567-4326-A5F3-BBB835DD73BA}"
EndProject
Project("{8BC9CEB8-8B4A-11D0-8D11-00A0C91BC942}") = "Inheritance in C++", "..\Inheritance in C++\Inheritance in C++.vcxproj", "{D506E8E8-8FD3-4635-8C7E-26F0CDEBF7C2}"
EndProject
Project("{8BC9CEB8-8B4A-11D0-8D11-00A0C91BC942}") = "Virtual Functions in C++", "..\Virtual Functions in C++\Virtual Functions in C++.vcxproj", "{63ABE075-D491-47C8-909B-0CFF0B007266}"
EndProject
Project("{8BC9CEB8-8B4A-11D0-8D11-00A0C91BC942}") = "Interfaces in C++ (Pure Virtual Functions)", "..\Interfaces in C++ (Pure Virtual Functions)\Interfaces in C++ (Pure Virtual Functions).vcxproj", "{8A97E85A-F597-4DC3-816E-E54F79FF8EFA}"
EndProject
Project("{2150E333-8FDC-42A3-9474-1A3956D46DE8}") = "String Literals in C++", "String Literals in C++", "{C6E9832E-C5D8-4517-9D13-1AA009927111}"
EndProject
Project("{8BC9CEB8-8B4A-11D0-8D11-00A0C91BC942}") = "Visibility in C++", "..\Visibility in C++\Visibility in C++.vcxproj", "{77595C58-2101-4EE2-95C6-16B756446AEF}"
EndProject
Project("{8BC9CEB8-8B4A-11D0-8D11-00A0C91BC942}") = "Arrays in C++", "..\Arrays in C++\Arrays in C++.vcxproj", "{DAE18165-634F-46E0-B39D-2D8CEEAA5711}"
EndProject
Project("{8BC9CEB8-8B4A-11D0-8D11-00A0C91BC942}") = "How Strings Work in C++ (and how to use them)", "..\How Strings Work in C++ (and how to use them)\How Strings Work in C++ (and how to use them).vcxproj", "{597F25B5-DF04-42A1-8A33-82311FF90A39}"
EndProject
Project("{8BC9CEB8-8B4A-11D0-8D11-00A0C91BC942}") = "String Literals in C++", "..\String Literals in C++\String Literals in C++.vcxproj", "{ED833B0A-D146-4182-856E-6C730654CBC1}"
EndProject
Project("{2150E333-8FDC-42A3-9474-1A3956D46DE8}") = "TODO CONST in C++", "TODO CONST in C++", "{EB3EA087-1DE3-4636-9974-5566395D5A57}"
EndProject
Project("{8BC9CEB8-8B4A-11D0-8D11-00A0C91BC942}") = "CONST in C++", "..\CONST in C++\CONST in C++.vcxproj", "{E3B94048-B46A-41CE-95AD-D6B7C4B8064C}"
EndProject
Project("{8BC9CEB8-8B4A-11D0-8D11-00A0C91BC942}") = "TODO The Mutable Keyword in C++", "..\The Mutable Keyword in C++\The Mutable Keyword in C++.vcxproj", "{91F8E76A-D0EF-44AB-BD2B-36CBC5EEF089}"
EndProject
Project("{8BC9CEB8-8B4A-11D0-8D11-00A0C91BC942}") = "Member Initializer Lists in C++ (Constructor Initializer List)", "..\Member Initializer Lists in C++ (Constructor Initializer List)\Member Initializer Lists in C++ (Constructor Initializer List).vcxproj", "{1CFAE6BD-FE0D-4B71-BFA0-8F8CFB755E57}"
EndProject
Project("{8BC9CEB8-8B4A-11D0-8D11-00A0C91BC942}") = "Ternary Operators in C++ (Conditional Assignment)", "..\Ternary Operators in C++ (Conditional Assignment)\Ternary Operators in C++ (Conditional Assignment).vcxproj", "{F5416392-5754-445D-8649-DF83F6655168}"
EndProject
Project("{8BC9CEB8-8B4A-11D0-8D11-00A0C91BC942}") = "How to CREATE or INSTANTIATE OBJECTS in C++", "..\How to CREATE or INSTANTIATE OBJECTS in C++\How to CREATE or INSTANTIATE OBJECTS in C++.vcxproj", "{140C0559-20FC-4604-A40D-ACBCB47E7BB0}"
EndProject
Project("{2150E333-8FDC-42A3-9474-1A3956D46DE8}") = "Object Lifetime in C++ Stack slash Scope Lifetimes", "Object Lifetime in C++ Stack slash Scope Lifetimes", "{9EE5475C-6D91-4EDB-96A4-973455B133F8}"
EndProject
Project("{8BC9CEB8-8B4A-11D0-8D11-00A0C91BC942}") = "The NEW Keyword in C++", "..\The NEW Keyword in C++\The NEW Keyword in C++.vcxproj", "{FD122E8D-70B1-4919-874F-39B6987BB9FB}"
EndProject
Project("{8BC9CEB8-8B4A-11D0-8D11-00A0C91BC942}") = "Implicit Conversion and the Explicit Keyword in C++", "..\Implicit Conversion and the Explicit Keyword in C++\Implicit Conversion and the Explicit Keyword in C++.vcxproj", "{22BF9CF9-3F3F-4104-BF9D-E65D8E002919}"
EndProject
Project("{8BC9CEB8-8B4A-11D0-8D11-00A0C91BC942}") = "OPERATORS and OPERATOR OVERLOADING in C++", "..\OPERATORS and OPERATOR OVERLOADING in C++\OPERATORS and OPERATOR OVERLOADING in C++.vcxproj", "{AD18C19A-C933-4D55-86A9-B27FDD49D3E3}"
EndProject
Project("{8BC9CEB8-8B4A-11D0-8D11-00A0C91BC942}") = "this keyword in C++", "..\this keyword in C++\this keyword in C++.vcxproj", "{0B31FF55-A777-4AC1-AEBE-168E6204D287}"
EndProject
Project("{8BC9CEB8-8B4A-11D0-8D11-00A0C91BC942}") = "Object Lifetime in C++ Stack slash Scope Lifetimes", "..\Object Lifetime in C++ (Stack slash Scope Lifetimes)\Object Lifetime in C++ (Stack slash Scope Lifetimes).vcxproj", "{2D85E5D3-B5C7-486B-BAA0-DE40C89D9C72}"
EndProject
Project("{2150E333-8FDC-42A3-9474-1A3956D46DE8}") = "TODO The Arrow Operator in C++", "TODO The Arrow Operator in C++", "{6D24A845-F310-4CC5-B9FC-46BC52B8E806}"
EndProject
Project("{8BC9CEB8-8B4A-11D0-8D11-00A0C91BC942}") = "Copying and Copy Constructors in C++", "..\Copying and Copy Constructors in C++\Copying and Copy Constructors in C++.vcxproj", "{B12F142D-42A5-4DF2-BC5C-834A5E002BB6}"
EndProject
Project("{8BC9CEB8-8B4A-11D0-8D11-00A0C91BC942}") = "The Arrow Operator in C++", "..\The Arrow Operator in C++\The Arrow Operator in C++.vcxproj", "{E199CFEA-1D39-47F8-9479-168550981CC7}"
EndProject
Project("{2150E333-8FDC-42A3-9474-1A3956D46DE8}") = "Local Static in C++", "Local Static in C++", "{78E37FF9-10C6-4FEC-8AF7-E76CE4C046FA}"
EndProject
Project("{8BC9CEB8-8B4A-11D0-8D11-00A0C91BC942}") = "Local Static in Cpp", "..\Local Static in Cpp\Local Static in Cpp.vcxproj", "{8646126F-CB17-4518-9D1F-EB965A299A45}"
EndProject
Project("{2150E333-8FDC-42A3-9474-1A3956D46DE8}") = "How to Deal with Multiple Return Values in C++", "How to Deal with Multiple Return Values in C++", "{39B30110-6F65-46B6-8FC8-78D7224AA809}"
EndProject
Project("{8BC9CEB8-8B4A-11D0-8D11-00A0C91BC942}") = "Templates in C++", "..\Templates in C++\How to Deal with Multiple Return Values in C++.vcxproj", "{1BEE3EC9-2E37-401A-81B7-3BABC3D654D6}"
EndProject
Project("{8BC9CEB8-8B4A-11D0-8D11-00A0C91BC942}") = "FunctionOverloading", "..\FunctionOverloading\FunctionOverloading.vcxproj", "{FB7E0659-18AD-4F1A-879A-44E856E43352}"
EndProject
Project("{8BC9CEB8-8B4A-11D0-8D11-00A0C91BC942}") = "Typedef", "..\Typedef\Typedef.vcxproj", "{F874CBFD-011F-42E7-AF5A-E6AC466A3CFA}"
EndProject
Global
	GlobalSection(SolutionConfigurationPlatforms) = preSolution
		Debug|x64 = Debug|x64
		Debug|x86 = Debug|x86
		Release|x64 = Release|x64
		Release|x86 = Release|x86
	EndGlobalSection
	GlobalSection(ProjectConfigurationPlatforms) = postSolution
		{8F8D6D51-A359-47B7-88A8-00AC8C2325DE}.Debug|x64.ActiveCfg = Debug|x64
		{8F8D6D51-A359-47B7-88A8-00AC8C2325DE}.Debug|x64.Build.0 = Debug|x64
		{8F8D6D51-A359-47B7-88A8-00AC8C2325DE}.Debug|x86.ActiveCfg = Debug|Win32
		{8F8D6D51-A359-47B7-88A8-00AC8C2325DE}.Debug|x86.Build.0 = Debug|Win32
		{8F8D6D51-A359-47B7-88A8-00AC8C2325DE}.Release|x64.ActiveCfg = Release|x64
		{8F8D6D51-A359-47B7-88A8-00AC8C2325DE}.Release|x64.Build.0 = Release|x64
		{8F8D6D51-A359-47B7-88A8-00AC8C2325DE}.Release|x86.ActiveCfg = Release|Win32
		{8F8D6D51-A359-47B7-88A8-00AC8C2325DE}.Release|x86.Build.0 = Release|Win32
		{7BC489C1-2613-47F9-BDF2-EDDEEBAC642C}.Debug|x64.ActiveCfg = Debug|x64
		{7BC489C1-2613-47F9-BDF2-EDDEEBAC642C}.Debug|x64.Build.0 = Debug|x64
		{7BC489C1-2613-47F9-BDF2-EDDEEBAC642C}.Debug|x86.ActiveCfg = Debug|Win32
		{7BC489C1-2613-47F9-BDF2-EDDEEBAC642C}.Debug|x86.Build.0 = Debug|Win32
		{7BC489C1-2613-47F9-BDF2-EDDEEBAC642C}.Release|x64.ActiveCfg = Release|x64
		{7BC489C1-2613-47F9-BDF2-EDDEEBAC642C}.Release|x64.Build.0 = Release|x64
		{7BC489C1-2613-47F9-BDF2-EDDEEBAC642C}.Release|x86.ActiveCfg = Release|Win32
		{7BC489C1-2613-47F9-BDF2-EDDEEBAC642C}.Release|x86.Build.0 = Release|Win32
		{9AD1D281-2555-417D-AF01-B29F99F20A2E}.Debug|x64.ActiveCfg = Debug|x64
		{9AD1D281-2555-417D-AF01-B29F99F20A2E}.Debug|x64.Build.0 = Debug|x64
		{9AD1D281-2555-417D-AF01-B29F99F20A2E}.Debug|x86.ActiveCfg = Debug|Win32
		{9AD1D281-2555-417D-AF01-B29F99F20A2E}.Debug|x86.Build.0 = Debug|Win32
		{9AD1D281-2555-417D-AF01-B29F99F20A2E}.Release|x64.ActiveCfg = Release|x64
		{9AD1D281-2555-417D-AF01-B29F99F20A2E}.Release|x64.Build.0 = Release|x64
		{9AD1D281-2555-417D-AF01-B29F99F20A2E}.Release|x86.ActiveCfg = Release|Win32
		{9AD1D281-2555-417D-AF01-B29F99F20A2E}.Release|x86.Build.0 = Release|Win32
		{9BC5F83F-9B33-4688-A454-ECB82B13A505}.Debug|x64.ActiveCfg = Debug|x64
		{9BC5F83F-9B33-4688-A454-ECB82B13A505}.Debug|x64.Build.0 = Debug|x64
		{9BC5F83F-9B33-4688-A454-ECB82B13A505}.Debug|x86.ActiveCfg = Debug|Win32
		{9BC5F83F-9B33-4688-A454-ECB82B13A505}.Debug|x86.Build.0 = Debug|Win32
		{9BC5F83F-9B33-4688-A454-ECB82B13A505}.Release|x64.ActiveCfg = Release|x64
		{9BC5F83F-9B33-4688-A454-ECB82B13A505}.Release|x64.Build.0 = Release|x64
		{9BC5F83F-9B33-4688-A454-ECB82B13A505}.Release|x86.ActiveCfg = Release|Win32
		{9BC5F83F-9B33-4688-A454-ECB82B13A505}.Release|x86.Build.0 = Release|Win32
		{82E365D5-04EE-4AE8-B3E6-BA72F775BAFC}.Debug|x64.ActiveCfg = Debug|x64
		{82E365D5-04EE-4AE8-B3E6-BA72F775BAFC}.Debug|x64.Build.0 = Debug|x64
		{82E365D5-04EE-4AE8-B3E6-BA72F775BAFC}.Debug|x86.ActiveCfg = Debug|Win32
		{82E365D5-04EE-4AE8-B3E6-BA72F775BAFC}.Debug|x86.Build.0 = Debug|Win32
		{82E365D5-04EE-4AE8-B3E6-BA72F775BAFC}.Release|x64.ActiveCfg = Release|x64
		{82E365D5-04EE-4AE8-B3E6-BA72F775BAFC}.Release|x64.Build.0 = Release|x64
		{82E365D5-04EE-4AE8-B3E6-BA72F775BAFC}.Release|x86.ActiveCfg = Release|Win32
		{82E365D5-04EE-4AE8-B3E6-BA72F775BAFC}.Release|x86.Build.0 = Release|Win32
		{BA14763E-EAEF-4EEF-B4F4-9FAEF67CE2AF}.Debug|x64.ActiveCfg = Debug|x64
		{BA14763E-EAEF-4EEF-B4F4-9FAEF67CE2AF}.Debug|x64.Build.0 = Debug|x64
		{BA14763E-EAEF-4EEF-B4F4-9FAEF67CE2AF}.Debug|x86.ActiveCfg = Debug|Win32
		{BA14763E-EAEF-4EEF-B4F4-9FAEF67CE2AF}.Debug|x86.Build.0 = Debug|Win32
		{BA14763E-EAEF-4EEF-B4F4-9FAEF67CE2AF}.Release|x64.ActiveCfg = Release|x64
		{BA14763E-EAEF-4EEF-B4F4-9FAEF67CE2AF}.Release|x64.Build.0 = Release|x64
		{BA14763E-EAEF-4EEF-B4F4-9FAEF67CE2AF}.Release|x86.ActiveCfg = Release|Win32
		{BA14763E-EAEF-4EEF-B4F4-9FAEF67CE2AF}.Release|x86.Build.0 = Release|Win32
		{E582156F-34BA-4BC2-9586-5BBC5FD7A3E1}.Debug|x64.ActiveCfg = Debug|x64
		{E582156F-34BA-4BC2-9586-5BBC5FD7A3E1}.Debug|x64.Build.0 = Debug|x64
		{E582156F-34BA-4BC2-9586-5BBC5FD7A3E1}.Debug|x86.ActiveCfg = Debug|Win32
		{E582156F-34BA-4BC2-9586-5BBC5FD7A3E1}.Debug|x86.Build.0 = Debug|Win32
		{E582156F-34BA-4BC2-9586-5BBC5FD7A3E1}.Release|x64.ActiveCfg = Release|x64
		{E582156F-34BA-4BC2-9586-5BBC5FD7A3E1}.Release|x64.Build.0 = Release|x64
		{E582156F-34BA-4BC2-9586-5BBC5FD7A3E1}.Release|x86.ActiveCfg = Release|Win32
		{E582156F-34BA-4BC2-9586-5BBC5FD7A3E1}.Release|x86.Build.0 = Release|Win32
		{94F8D78F-538B-4046-BBA8-21DD577078CE}.Debug|x64.ActiveCfg = Debug|x64
		{94F8D78F-538B-4046-BBA8-21DD577078CE}.Debug|x64.Build.0 = Debug|x64
		{94F8D78F-538B-4046-BBA8-21DD577078CE}.Debug|x86.ActiveCfg = Debug|Win32
		{94F8D78F-538B-4046-BBA8-21DD577078CE}.Debug|x86.Build.0 = Debug|Win32
		{94F8D78F-538B-4046-BBA8-21DD577078CE}.Release|x64.ActiveCfg = Release|x64
		{94F8D78F-538B-4046-BBA8-21DD577078CE}.Release|x64.Build.0 = Release|x64
		{94F8D78F-538B-4046-BBA8-21DD577078CE}.Release|x86.ActiveCfg = Release|Win32
		{94F8D78F-538B-4046-BBA8-21DD577078CE}.Release|x86.Build.0 = Release|Win32
		{9BF49FD6-05F9-4C32-AC83-E33C92CF52AE}.Debug|x64.ActiveCfg = Debug|x64
		{9BF49FD6-05F9-4C32-AC83-E33C92CF52AE}.Debug|x64.Build.0 = Debug|x64
		{9BF49FD6-05F9-4C32-AC83-E33C92CF52AE}.Debug|x86.ActiveCfg = Debug|Win32
		{9BF49FD6-05F9-4C32-AC83-E33C92CF52AE}.Debug|x86.Build.0 = Debug|Win32
		{9BF49FD6-05F9-4C32-AC83-E33C92CF52AE}.Release|x64.ActiveCfg = Release|x64
		{9BF49FD6-05F9-4C32-AC83-E33C92CF52AE}.Release|x64.Build.0 = Release|x64
		{9BF49FD6-05F9-4C32-AC83-E33C92CF52AE}.Release|x86.ActiveCfg = Release|Win32
		{9BF49FD6-05F9-4C32-AC83-E33C92CF52AE}.Release|x86.Build.0 = Release|Win32
		{9C4DA3AB-C604-45A6-B1F3-231E0871F732}.Debug|x64.ActiveCfg = Debug|x64
		{9C4DA3AB-C604-45A6-B1F3-231E0871F732}.Debug|x64.Build.0 = Debug|x64
		{9C4DA3AB-C604-45A6-B1F3-231E0871F732}.Debug|x86.ActiveCfg = Debug|Win32
		{9C4DA3AB-C604-45A6-B1F3-231E0871F732}.Debug|x86.Build.0 = Debug|Win32
		{9C4DA3AB-C604-45A6-B1F3-231E0871F732}.Release|x64.ActiveCfg = Release|x64
		{9C4DA3AB-C604-45A6-B1F3-231E0871F732}.Release|x64.Build.0 = Release|x64
		{9C4DA3AB-C604-45A6-B1F3-231E0871F732}.Release|x86.ActiveCfg = Release|Win32
		{9C4DA3AB-C604-45A6-B1F3-231E0871F732}.Release|x86.Build.0 = Release|Win32
		{0A11DB82-E6F8-4B82-9A87-9912B54C13B6}.Debug|x64.ActiveCfg = Debug|x64
		{0A11DB82-E6F8-4B82-9A87-9912B54C13B6}.Debug|x64.Build.0 = Debug|x64
		{0A11DB82-E6F8-4B82-9A87-9912B54C13B6}.Debug|x86.ActiveCfg = Debug|Win32
		{0A11DB82-E6F8-4B82-9A87-9912B54C13B6}.Debug|x86.Build.0 = Debug|Win32
		{0A11DB82-E6F8-4B82-9A87-9912B54C13B6}.Release|x64.ActiveCfg = Release|x64
		{0A11DB82-E6F8-4B82-9A87-9912B54C13B6}.Release|x64.Build.0 = Release|x64
		{0A11DB82-E6F8-4B82-9A87-9912B54C13B6}.Release|x86.ActiveCfg = Release|Win32
		{0A11DB82-E6F8-4B82-9A87-9912B54C13B6}.Release|x86.Build.0 = Release|Win32
		{BF8D1A98-364D-4034-9ED6-4CFA55AFE2D2}.Debug|x64.ActiveCfg = Debug|x64
		{BF8D1A98-364D-4034-9ED6-4CFA55AFE2D2}.Debug|x64.Build.0 = Debug|x64
		{BF8D1A98-364D-4034-9ED6-4CFA55AFE2D2}.Debug|x86.ActiveCfg = Debug|Win32
		{BF8D1A98-364D-4034-9ED6-4CFA55AFE2D2}.Debug|x86.Build.0 = Debug|Win32
		{BF8D1A98-364D-4034-9ED6-4CFA55AFE2D2}.Release|x64.ActiveCfg = Release|x64
		{BF8D1A98-364D-4034-9ED6-4CFA55AFE2D2}.Release|x64.Build.0 = Release|x64
		{BF8D1A98-364D-4034-9ED6-4CFA55AFE2D2}.Release|x86.ActiveCfg = Release|Win32
		{BF8D1A98-364D-4034-9ED6-4CFA55AFE2D2}.Release|x86.Build.0 = Release|Win32
		{2A6EDA8D-7880-4106-AD60-3E3A097A8A85}.Debug|x64.ActiveCfg = Debug|x64
		{2A6EDA8D-7880-4106-AD60-3E3A097A8A85}.Debug|x64.Build.0 = Debug|x64
		{2A6EDA8D-7880-4106-AD60-3E3A097A8A85}.Debug|x86.ActiveCfg = Debug|Win32
		{2A6EDA8D-7880-4106-AD60-3E3A097A8A85}.Debug|x86.Build.0 = Debug|Win32
		{2A6EDA8D-7880-4106-AD60-3E3A097A8A85}.Release|x64.ActiveCfg = Release|x64
		{2A6EDA8D-7880-4106-AD60-3E3A097A8A85}.Release|x64.Build.0 = Release|x64
		{2A6EDA8D-7880-4106-AD60-3E3A097A8A85}.Release|x86.ActiveCfg = Release|Win32
		{2A6EDA8D-7880-4106-AD60-3E3A097A8A85}.Release|x86.Build.0 = Release|Win32
		{37FEB363-DC1A-4B41-9B07-B282F300B5DD}.Debug|x64.ActiveCfg = Debug|x64
		{37FEB363-DC1A-4B41-9B07-B282F300B5DD}.Debug|x64.Build.0 = Debug|x64
		{37FEB363-DC1A-4B41-9B07-B282F300B5DD}.Debug|x86.ActiveCfg = Debug|Win32
		{37FEB363-DC1A-4B41-9B07-B282F300B5DD}.Debug|x86.Build.0 = Debug|Win32
		{37FEB363-DC1A-4B41-9B07-B282F300B5DD}.Release|x64.ActiveCfg = Release|x64
		{37FEB363-DC1A-4B41-9B07-B282F300B5DD}.Release|x64.Build.0 = Release|x64
		{37FEB363-DC1A-4B41-9B07-B282F300B5DD}.Release|x86.ActiveCfg = Release|Win32
		{37FEB363-DC1A-4B41-9B07-B282F300B5DD}.Release|x86.Build.0 = Release|Win32
		{9D70E623-37D1-4858-B82C-AB8031EF1D06}.Debug|x64.ActiveCfg = Debug|x64
		{9D70E623-37D1-4858-B82C-AB8031EF1D06}.Debug|x64.Build.0 = Debug|x64
		{9D70E623-37D1-4858-B82C-AB8031EF1D06}.Debug|x86.ActiveCfg = Debug|Win32
		{9D70E623-37D1-4858-B82C-AB8031EF1D06}.Debug|x86.Build.0 = Debug|Win32
		{9D70E623-37D1-4858-B82C-AB8031EF1D06}.Release|x64.ActiveCfg = Release|x64
		{9D70E623-37D1-4858-B82C-AB8031EF1D06}.Release|x64.Build.0 = Release|x64
		{9D70E623-37D1-4858-B82C-AB8031EF1D06}.Release|x86.ActiveCfg = Release|Win32
		{9D70E623-37D1-4858-B82C-AB8031EF1D06}.Release|x86.Build.0 = Release|Win32
		{1FA33EC8-150E-4260-AF1F-BEC399C9962A}.Debug|x64.ActiveCfg = Debug|x64
		{1FA33EC8-150E-4260-AF1F-BEC399C9962A}.Debug|x64.Build.0 = Debug|x64
		{1FA33EC8-150E-4260-AF1F-BEC399C9962A}.Debug|x86.ActiveCfg = Debug|Win32
		{1FA33EC8-150E-4260-AF1F-BEC399C9962A}.Debug|x86.Build.0 = Debug|Win32
		{1FA33EC8-150E-4260-AF1F-BEC399C9962A}.Release|x64.ActiveCfg = Release|x64
		{1FA33EC8-150E-4260-AF1F-BEC399C9962A}.Release|x64.Build.0 = Release|x64
		{1FA33EC8-150E-4260-AF1F-BEC399C9962A}.Release|x86.ActiveCfg = Release|Win32
		{1FA33EC8-150E-4260-AF1F-BEC399C9962A}.Release|x86.Build.0 = Release|Win32
		{881FEA05-102E-4623-8B37-271E8FBEB999}.Debug|x64.ActiveCfg = Debug|x64
		{881FEA05-102E-4623-8B37-271E8FBEB999}.Debug|x64.Build.0 = Debug|x64
		{881FEA05-102E-4623-8B37-271E8FBEB999}.Debug|x86.ActiveCfg = Debug|Win32
		{881FEA05-102E-4623-8B37-271E8FBEB999}.Debug|x86.Build.0 = Debug|Win32
		{881FEA05-102E-4623-8B37-271E8FBEB999}.Release|x64.ActiveCfg = Release|x64
		{881FEA05-102E-4623-8B37-271E8FBEB999}.Release|x64.Build.0 = Release|x64
		{881FEA05-102E-4623-8B37-271E8FBEB999}.Release|x86.ActiveCfg = Release|Win32
		{881FEA05-102E-4623-8B37-271E8FBEB999}.Release|x86.Build.0 = Release|Win32
		{FF9FDBDB-4AEB-462F-AF1F-62D34F0B2A11}.Debug|x64.ActiveCfg = Debug|x64
		{FF9FDBDB-4AEB-462F-AF1F-62D34F0B2A11}.Debug|x64.Build.0 = Debug|x64
		{FF9FDBDB-4AEB-462F-AF1F-62D34F0B2A11}.Debug|x86.ActiveCfg = Debug|Win32
		{FF9FDBDB-4AEB-462F-AF1F-62D34F0B2A11}.Debug|x86.Build.0 = Debug|Win32
		{FF9FDBDB-4AEB-462F-AF1F-62D34F0B2A11}.Release|x64.ActiveCfg = Release|x64
		{FF9FDBDB-4AEB-462F-AF1F-62D34F0B2A11}.Release|x64.Build.0 = Release|x64
		{FF9FDBDB-4AEB-462F-AF1F-62D34F0B2A11}.Release|x86.ActiveCfg = Release|Win32
		{FF9FDBDB-4AEB-462F-AF1F-62D34F0B2A11}.Release|x86.Build.0 = Release|Win32
		{AC18A2D5-8040-4EB5-8404-8E79663F6C5E}.Debug|x64.ActiveCfg = Debug|x64
		{AC18A2D5-8040-4EB5-8404-8E79663F6C5E}.Debug|x64.Build.0 = Debug|x64
		{AC18A2D5-8040-4EB5-8404-8E79663F6C5E}.Debug|x86.ActiveCfg = Debug|Win32
		{AC18A2D5-8040-4EB5-8404-8E79663F6C5E}.Debug|x86.Build.0 = Debug|Win32
		{AC18A2D5-8040-4EB5-8404-8E79663F6C5E}.Release|x64.ActiveCfg = Release|x64
		{AC18A2D5-8040-4EB5-8404-8E79663F6C5E}.Release|x64.Build.0 = Release|x64
		{AC18A2D5-8040-4EB5-8404-8E79663F6C5E}.Release|x86.ActiveCfg = Release|Win32
		{AC18A2D5-8040-4EB5-8404-8E79663F6C5E}.Release|x86.Build.0 = Release|Win32
		{A8DC4226-5BA9-46C1-96B5-9DD7E95DB777}.Debug|x64.ActiveCfg = Debug|x64
		{A8DC4226-5BA9-46C1-96B5-9DD7E95DB777}.Debug|x64.Build.0 = Debug|x64
		{A8DC4226-5BA9-46C1-96B5-9DD7E95DB777}.Debug|x86.ActiveCfg = Debug|Win32
		{A8DC4226-5BA9-46C1-96B5-9DD7E95DB777}.Debug|x86.Build.0 = Debug|Win32
		{A8DC4226-5BA9-46C1-96B5-9DD7E95DB777}.Release|x64.ActiveCfg = Release|x64
		{A8DC4226-5BA9-46C1-96B5-9DD7E95DB777}.Release|x64.Build.0 = Release|x64
		{A8DC4226-5BA9-46C1-96B5-9DD7E95DB777}.Release|x86.ActiveCfg = Release|Win32
		{A8DC4226-5BA9-46C1-96B5-9DD7E95DB777}.Release|x86.Build.0 = Release|Win32
		{B9A64385-4C0A-4C96-888D-1BC95C7C6843}.Debug|x64.ActiveCfg = Debug|x64
		{B9A64385-4C0A-4C96-888D-1BC95C7C6843}.Debug|x64.Build.0 = Debug|x64
		{B9A64385-4C0A-4C96-888D-1BC95C7C6843}.Debug|x86.ActiveCfg = Debug|Win32
		{B9A64385-4C0A-4C96-888D-1BC95C7C6843}.Debug|x86.Build.0 = Debug|Win32
		{B9A64385-4C0A-4C96-888D-1BC95C7C6843}.Release|x64.ActiveCfg = Release|x64
		{B9A64385-4C0A-4C96-888D-1BC95C7C6843}.Release|x64.Build.0 = Release|x64
		{B9A64385-4C0A-4C96-888D-1BC95C7C6843}.Release|x86.ActiveCfg = Release|Win32
		{B9A64385-4C0A-4C96-888D-1BC95C7C6843}.Release|x86.Build.0 = Release|Win32
		{6151F2FE-5567-4326-A5F3-BBB835DD73BA}.Debug|x64.ActiveCfg = Debug|x64
		{6151F2FE-5567-4326-A5F3-BBB835DD73BA}.Debug|x64.Build.0 = Debug|x64
		{6151F2FE-5567-4326-A5F3-BBB835DD73BA}.Debug|x86.ActiveCfg = Debug|Win32
		{6151F2FE-5567-4326-A5F3-BBB835DD73BA}.Debug|x86.Build.0 = Debug|Win32
		{6151F2FE-5567-4326-A5F3-BBB835DD73BA}.Release|x64.ActiveCfg = Release|x64
		{6151F2FE-5567-4326-A5F3-BBB835DD73BA}.Release|x64.Build.0 = Release|x64
		{6151F2FE-5567-4326-A5F3-BBB835DD73BA}.Release|x86.ActiveCfg = Release|Win32
		{6151F2FE-5567-4326-A5F3-BBB835DD73BA}.Release|x86.Build.0 = Release|Win32
		{D506E8E8-8FD3-4635-8C7E-26F0CDEBF7C2}.Debug|x64.ActiveCfg = Debug|x64
		{D506E8E8-8FD3-4635-8C7E-26F0CDEBF7C2}.Debug|x64.Build.0 = Debug|x64
		{D506E8E8-8FD3-4635-8C7E-26F0CDEBF7C2}.Debug|x86.ActiveCfg = Debug|Win32
		{D506E8E8-8FD3-4635-8C7E-26F0CDEBF7C2}.Debug|x86.Build.0 = Debug|Win32
		{D506E8E8-8FD3-4635-8C7E-26F0CDEBF7C2}.Release|x64.ActiveCfg = Release|x64
		{D506E8E8-8FD3-4635-8C7E-26F0CDEBF7C2}.Release|x64.Build.0 = Release|x64
		{D506E8E8-8FD3-4635-8C7E-26F0CDEBF7C2}.Release|x86.ActiveCfg = Release|Win32
		{D506E8E8-8FD3-4635-8C7E-26F0CDEBF7C2}.Release|x86.Build.0 = Release|Win32
		{63ABE075-D491-47C8-909B-0CFF0B007266}.Debug|x64.ActiveCfg = Debug|x64
		{63ABE075-D491-47C8-909B-0CFF0B007266}.Debug|x64.Build.0 = Debug|x64
		{63ABE075-D491-47C8-909B-0CFF0B007266}.Debug|x86.ActiveCfg = Debug|Win32
		{63ABE075-D491-47C8-909B-0CFF0B007266}.Debug|x86.Build.0 = Debug|Win32
		{63ABE075-D491-47C8-909B-0CFF0B007266}.Release|x64.ActiveCfg = Release|x64
		{63ABE075-D491-47C8-909B-0CFF0B007266}.Release|x64.Build.0 = Release|x64
		{63ABE075-D491-47C8-909B-0CFF0B007266}.Release|x86.ActiveCfg = Release|Win32
		{63ABE075-D491-47C8-909B-0CFF0B007266}.Release|x86.Build.0 = Release|Win32
		{8A97E85A-F597-4DC3-816E-E54F79FF8EFA}.Debug|x64.ActiveCfg = Debug|x64
		{8A97E85A-F597-4DC3-816E-E54F79FF8EFA}.Debug|x64.Build.0 = Debug|x64
		{8A97E85A-F597-4DC3-816E-E54F79FF8EFA}.Debug|x86.ActiveCfg = Debug|Win32
		{8A97E85A-F597-4DC3-816E-E54F79FF8EFA}.Debug|x86.Build.0 = Debug|Win32
		{8A97E85A-F597-4DC3-816E-E54F79FF8EFA}.Release|x64.ActiveCfg = Release|x64
		{8A97E85A-F597-4DC3-816E-E54F79FF8EFA}.Release|x64.Build.0 = Release|x64
		{8A97E85A-F597-4DC3-816E-E54F79FF8EFA}.Release|x86.ActiveCfg = Release|Win32
		{8A97E85A-F597-4DC3-816E-E54F79FF8EFA}.Release|x86.Build.0 = Release|Win32
		{77595C58-2101-4EE2-95C6-16B756446AEF}.Debug|x64.ActiveCfg = Debug|x64
		{77595C58-2101-4EE2-95C6-16B756446AEF}.Debug|x64.Build.0 = Debug|x64
		{77595C58-2101-4EE2-95C6-16B756446AEF}.Debug|x86.ActiveCfg = Debug|Win32
		{77595C58-2101-4EE2-95C6-16B756446AEF}.Debug|x86.Build.0 = Debug|Win32
		{77595C58-2101-4EE2-95C6-16B756446AEF}.Release|x64.ActiveCfg = Release|x64
		{77595C58-2101-4EE2-95C6-16B756446AEF}.Release|x64.Build.0 = Release|x64
		{77595C58-2101-4EE2-95C6-16B756446AEF}.Release|x86.ActiveCfg = Release|Win32
		{77595C58-2101-4EE2-95C6-16B756446AEF}.Release|x86.Build.0 = Release|Win32
		{DAE18165-634F-46E0-B39D-2D8CEEAA5711}.Debug|x64.ActiveCfg = Debug|x64
		{DAE18165-634F-46E0-B39D-2D8CEEAA5711}.Debug|x64.Build.0 = Debug|x64
		{DAE18165-634F-46E0-B39D-2D8CEEAA5711}.Debug|x86.ActiveCfg = Debug|Win32
		{DAE18165-634F-46E0-B39D-2D8CEEAA5711}.Debug|x86.Build.0 = Debug|Win32
		{DAE18165-634F-46E0-B39D-2D8CEEAA5711}.Release|x64.ActiveCfg = Release|x64
		{DAE18165-634F-46E0-B39D-2D8CEEAA5711}.Release|x64.Build.0 = Release|x64
		{DAE18165-634F-46E0-B39D-2D8CEEAA5711}.Release|x86.ActiveCfg = Release|Win32
		{DAE18165-634F-46E0-B39D-2D8CEEAA5711}.Release|x86.Build.0 = Release|Win32
		{597F25B5-DF04-42A1-8A33-82311FF90A39}.Debug|x64.ActiveCfg = Debug|x64
		{597F25B5-DF04-42A1-8A33-82311FF90A39}.Debug|x64.Build.0 = Debug|x64
		{597F25B5-DF04-42A1-8A33-82311FF90A39}.Debug|x86.ActiveCfg = Debug|Win32
		{597F25B5-DF04-42A1-8A33-82311FF90A39}.Debug|x86.Build.0 = Debug|Win32
		{597F25B5-DF04-42A1-8A33-82311FF90A39}.Release|x64.ActiveCfg = Release|x64
		{597F25B5-DF04-42A1-8A33-82311FF90A39}.Release|x64.Build.0 = Release|x64
		{597F25B5-DF04-42A1-8A33-82311FF90A39}.Release|x86.ActiveCfg = Release|Win32
		{597F25B5-DF04-42A1-8A33-82311FF90A39}.Release|x86.Build.0 = Release|Win32
		{ED833B0A-D146-4182-856E-6C730654CBC1}.Debug|x64.ActiveCfg = Debug|x64
		{ED833B0A-D146-4182-856E-6C730654CBC1}.Debug|x64.Build.0 = Debug|x64
		{ED833B0A-D146-4182-856E-6C730654CBC1}.Debug|x86.ActiveCfg = Debug|Win32
		{ED833B0A-D146-4182-856E-6C730654CBC1}.Debug|x86.Build.0 = Debug|Win32
		{ED833B0A-D146-4182-856E-6C730654CBC1}.Release|x64.ActiveCfg = Release|x64
		{ED833B0A-D146-4182-856E-6C730654CBC1}.Release|x64.Build.0 = Release|x64
		{ED833B0A-D146-4182-856E-6C730654CBC1}.Release|x86.ActiveCfg = Release|Win32
		{ED833B0A-D146-4182-856E-6C730654CBC1}.Release|x86.Build.0 = Release|Win32
		{E3B94048-B46A-41CE-95AD-D6B7C4B8064C}.Debug|x64.ActiveCfg = Debug|x64
		{E3B94048-B46A-41CE-95AD-D6B7C4B8064C}.Debug|x64.Build.0 = Debug|x64
		{E3B94048-B46A-41CE-95AD-D6B7C4B8064C}.Debug|x86.ActiveCfg = Debug|Win32
		{E3B94048-B46A-41CE-95AD-D6B7C4B8064C}.Debug|x86.Build.0 = Debug|Win32
		{E3B94048-B46A-41CE-95AD-D6B7C4B8064C}.Release|x64.ActiveCfg = Release|x64
		{E3B94048-B46A-41CE-95AD-D6B7C4B8064C}.Release|x64.Build.0 = Release|x64
		{E3B94048-B46A-41CE-95AD-D6B7C4B8064C}.Release|x86.ActiveCfg = Release|Win32
		{E3B94048-B46A-41CE-95AD-D6B7C4B8064C}.Release|x86.Build.0 = Release|Win32
		{91F8E76A-D0EF-44AB-BD2B-36CBC5EEF089}.Debug|x64.ActiveCfg = Debug|x64
		{91F8E76A-D0EF-44AB-BD2B-36CBC5EEF089}.Debug|x64.Build.0 = Debug|x64
		{91F8E76A-D0EF-44AB-BD2B-36CBC5EEF089}.Debug|x86.ActiveCfg = Debug|Win32
		{91F8E76A-D0EF-44AB-BD2B-36CBC5EEF089}.Debug|x86.Build.0 = Debug|Win32
		{91F8E76A-D0EF-44AB-BD2B-36CBC5EEF089}.Release|x64.ActiveCfg = Release|x64
		{91F8E76A-D0EF-44AB-BD2B-36CBC5EEF089}.Release|x64.Build.0 = Release|x64
		{91F8E76A-D0EF-44AB-BD2B-36CBC5EEF089}.Release|x86.ActiveCfg = Release|Win32
		{91F8E76A-D0EF-44AB-BD2B-36CBC5EEF089}.Release|x86.Build.0 = Release|Win32
		{1CFAE6BD-FE0D-4B71-BFA0-8F8CFB755E57}.Debug|x64.ActiveCfg = Debug|x64
		{1CFAE6BD-FE0D-4B71-BFA0-8F8CFB755E57}.Debug|x64.Build.0 = Debug|x64
		{1CFAE6BD-FE0D-4B71-BFA0-8F8CFB755E57}.Debug|x86.ActiveCfg = Debug|Win32
		{1CFAE6BD-FE0D-4B71-BFA0-8F8CFB755E57}.Debug|x86.Build.0 = Debug|Win32
		{1CFAE6BD-FE0D-4B71-BFA0-8F8CFB755E57}.Release|x64.ActiveCfg = Release|x64
		{1CFAE6BD-FE0D-4B71-BFA0-8F8CFB755E57}.Release|x64.Build.0 = Release|x64
		{1CFAE6BD-FE0D-4B71-BFA0-8F8CFB755E57}.Release|x86.ActiveCfg = Release|Win32
		{1CFAE6BD-FE0D-4B71-BFA0-8F8CFB755E57}.Release|x86.Build.0 = Release|Win32
		{F5416392-5754-445D-8649-DF83F6655168}.Debug|x64.ActiveCfg = Debug|x64
		{F5416392-5754-445D-8649-DF83F6655168}.Debug|x64.Build.0 = Debug|x64
		{F5416392-5754-445D-8649-DF83F6655168}.Debug|x86.ActiveCfg = Debug|Win32
		{F5416392-5754-445D-8649-DF83F6655168}.Debug|x86.Build.0 = Debug|Win32
		{F5416392-5754-445D-8649-DF83F6655168}.Release|x64.ActiveCfg = Release|x64
		{F5416392-5754-445D-8649-DF83F6655168}.Release|x64.Build.0 = Release|x64
		{F5416392-5754-445D-8649-DF83F6655168}.Release|x86.ActiveCfg = Release|Win32
		{F5416392-5754-445D-8649-DF83F6655168}.Release|x86.Build.0 = Release|Win32
		{140C0559-20FC-4604-A40D-ACBCB47E7BB0}.Debug|x64.ActiveCfg = Debug|x64
		{140C0559-20FC-4604-A40D-ACBCB47E7BB0}.Debug|x64.Build.0 = Debug|x64
		{140C0559-20FC-4604-A40D-ACBCB47E7BB0}.Debug|x86.ActiveCfg = Debug|Win32
		{140C0559-20FC-4604-A40D-ACBCB47E7BB0}.Debug|x86.Build.0 = Debug|Win32
		{140C0559-20FC-4604-A40D-ACBCB47E7BB0}.Release|x64.ActiveCfg = Release|x64
		{140C0559-20FC-4604-A40D-ACBCB47E7BB0}.Release|x64.Build.0 = Release|x64
		{140C0559-20FC-4604-A40D-ACBCB47E7BB0}.Release|x86.ActiveCfg = Release|Win32
		{140C0559-20FC-4604-A40D-ACBCB47E7BB0}.Release|x86.Build.0 = Release|Win32
		{FD122E8D-70B1-4919-874F-39B6987BB9FB}.Debug|x64.ActiveCfg = Debug|x64
		{FD122E8D-70B1-4919-874F-39B6987BB9FB}.Debug|x64.Build.0 = Debug|x64
		{FD122E8D-70B1-4919-874F-39B6987BB9FB}.Debug|x86.ActiveCfg = Debug|Win32
		{FD122E8D-70B1-4919-874F-39B6987BB9FB}.Debug|x86.Build.0 = Debug|Win32
		{FD122E8D-70B1-4919-874F-39B6987BB9FB}.Release|x64.ActiveCfg = Release|x64
		{FD122E8D-70B1-4919-874F-39B6987BB9FB}.Release|x64.Build.0 = Release|x64
		{FD122E8D-70B1-4919-874F-39B6987BB9FB}.Release|x86.ActiveCfg = Release|Win32
		{FD122E8D-70B1-4919-874F-39B6987BB9FB}.Release|x86.Build.0 = Release|Win32
		{22BF9CF9-3F3F-4104-BF9D-E65D8E002919}.Debug|x64.ActiveCfg = Debug|x64
		{22BF9CF9-3F3F-4104-BF9D-E65D8E002919}.Debug|x64.Build.0 = Debug|x64
		{22BF9CF9-3F3F-4104-BF9D-E65D8E002919}.Debug|x86.ActiveCfg = Debug|Win32
		{22BF9CF9-3F3F-4104-BF9D-E65D8E002919}.Debug|x86.Build.0 = Debug|Win32
		{22BF9CF9-3F3F-4104-BF9D-E65D8E002919}.Release|x64.ActiveCfg = Release|x64
		{22BF9CF9-3F3F-4104-BF9D-E65D8E002919}.Release|x64.Build.0 = Release|x64
		{22BF9CF9-3F3F-4104-BF9D-E65D8E002919}.Release|x86.ActiveCfg = Release|Win32
		{22BF9CF9-3F3F-4104-BF9D-E65D8E002919}.Release|x86.Build.0 = Release|Win32
		{AD18C19A-C933-4D55-86A9-B27FDD49D3E3}.Debug|x64.ActiveCfg = Debug|x64
		{AD18C19A-C933-4D55-86A9-B27FDD49D3E3}.Debug|x64.Build.0 = Debug|x64
		{AD18C19A-C933-4D55-86A9-B27FDD49D3E3}.Debug|x86.ActiveCfg = Debug|Win32
		{AD18C19A-C933-4D55-86A9-B27FDD49D3E3}.Debug|x86.Build.0 = Debug|Win32
		{AD18C19A-C933-4D55-86A9-B27FDD49D3E3}.Release|x64.ActiveCfg = Release|x64
		{AD18C19A-C933-4D55-86A9-B27FDD49D3E3}.Release|x64.Build.0 = Release|x64
		{AD18C19A-C933-4D55-86A9-B27FDD49D3E3}.Release|x86.ActiveCfg = Release|Win32
		{AD18C19A-C933-4D55-86A9-B27FDD49D3E3}.Release|x86.Build.0 = Release|Win32
		{0B31FF55-A777-4AC1-AEBE-168E6204D287}.Debug|x64.ActiveCfg = Debug|x64
		{0B31FF55-A777-4AC1-AEBE-168E6204D287}.Debug|x64.Build.0 = Debug|x64
		{0B31FF55-A777-4AC1-AEBE-168E6204D287}.Debug|x86.ActiveCfg = Debug|Win32
		{0B31FF55-A777-4AC1-AEBE-168E6204D287}.Debug|x86.Build.0 = Debug|Win32
		{0B31FF55-A777-4AC1-AEBE-168E6204D287}.Release|x64.ActiveCfg = Release|x64
		{0B31FF55-A777-4AC1-AEBE-168E6204D287}.Release|x64.Build.0 = Release|x64
		{0B31FF55-A777-4AC1-AEBE-168E6204D287}.Release|x86.ActiveCfg = Release|Win32
		{0B31FF55-A777-4AC1-AEBE-168E6204D287}.Release|x86.Build.0 = Release|Win32
		{2D85E5D3-B5C7-486B-BAA0-DE40C89D9C72}.Debug|x64.ActiveCfg = Debug|x64
		{2D85E5D3-B5C7-486B-BAA0-DE40C89D9C72}.Debug|x64.Build.0 = Debug|x64
		{2D85E5D3-B5C7-486B-BAA0-DE40C89D9C72}.Debug|x86.ActiveCfg = Debug|Win32
		{2D85E5D3-B5C7-486B-BAA0-DE40C89D9C72}.Debug|x86.Build.0 = Debug|Win32
		{2D85E5D3-B5C7-486B-BAA0-DE40C89D9C72}.Release|x64.ActiveCfg = Release|x64
		{2D85E5D3-B5C7-486B-BAA0-DE40C89D9C72}.Release|x64.Build.0 = Release|x64
		{2D85E5D3-B5C7-486B-BAA0-DE40C89D9C72}.Release|x86.ActiveCfg = Release|Win32
		{2D85E5D3-B5C7-486B-BAA0-DE40C89D9C72}.Release|x86.Build.0 = Release|Win32
		{B12F142D-42A5-4DF2-BC5C-834A5E002BB6}.Debug|x64.ActiveCfg = Debug|x64
		{B12F142D-42A5-4DF2-BC5C-834A5E002BB6}.Debug|x64.Build.0 = Debug|x64
		{B12F142D-42A5-4DF2-BC5C-834A5E002BB6}.Debug|x86.ActiveCfg = Debug|Win32
		{B12F142D-42A5-4DF2-BC5C-834A5E002BB6}.Debug|x86.Build.0 = Debug|Win32
		{B12F142D-42A5-4DF2-BC5C-834A5E002BB6}.Release|x64.ActiveCfg = Release|x64
		{B12F142D-42A5-4DF2-BC5C-834A5E002BB6}.Release|x64.Build.0 = Release|x64
		{B12F142D-42A5-4DF2-BC5C-834A5E002BB6}.Release|x86.ActiveCfg = Release|Win32
		{B12F142D-42A5-4DF2-BC5C-834A5E002BB6}.Release|x86.Build.0 = Release|Win32
		{E199CFEA-1D39-47F8-9479-168550981CC7}.Debug|x64.ActiveCfg = Debug|x64
		{E199CFEA-1D39-47F8-9479-168550981CC7}.Debug|x64.Build.0 = Debug|x64
		{E199CFEA-1D39-47F8-9479-168550981CC7}.Debug|x86.ActiveCfg = Debug|Win32
		{E199CFEA-1D39-47F8-9479-168550981CC7}.Debug|x86.Build.0 = Debug|Win32
		{E199CFEA-1D39-47F8-9479-168550981CC7}.Release|x64.ActiveCfg = Release|x64
		{E199CFEA-1D39-47F8-9479-168550981CC7}.Release|x64.Build.0 = Release|x64
		{E199CFEA-1D39-47F8-9479-168550981CC7}.Release|x86.ActiveCfg = Release|Win32
		{E199CFEA-1D39-47F8-9479-168550981CC7}.Release|x86.Build.0 = Release|Win32
		{8646126F-CB17-4518-9D1F-EB965A299A45}.Debug|x64.ActiveCfg = Debug|x64
		{8646126F-CB17-4518-9D1F-EB965A299A45}.Debug|x64.Build.0 = Debug|x64
		{8646126F-CB17-4518-9D1F-EB965A299A45}.Debug|x86.ActiveCfg = Debug|Win32
		{8646126F-CB17-4518-9D1F-EB965A299A45}.Debug|x86.Build.0 = Debug|Win32
		{8646126F-CB17-4518-9D1F-EB965A299A45}.Release|x64.ActiveCfg = Release|x64
		{8646126F-CB17-4518-9D1F-EB965A299A45}.Release|x64.Build.0 = Release|x64
		{8646126F-CB17-4518-9D1F-EB965A299A45}.Release|x86.ActiveCfg = Release|Win32
		{8646126F-CB17-4518-9D1F-EB965A299A45}.Release|x86.Build.0 = Release|Win32
		{1BEE3EC9-2E37-401A-81B7-3BABC3D654D6}.Debug|x64.ActiveCfg = Debug|x64
		{1BEE3EC9-2E37-401A-81B7-3BABC3D654D6}.Debug|x64.Build.0 = Debug|x64
		{1BEE3EC9-2E37-401A-81B7-3BABC3D654D6}.Debug|x86.ActiveCfg = Debug|Win32
		{1BEE3EC9-2E37-401A-81B7-3BABC3D654D6}.Debug|x86.Build.0 = Debug|Win32
		{1BEE3EC9-2E37-401A-81B7-3BABC3D654D6}.Release|x64.ActiveCfg = Release|x64
		{1BEE3EC9-2E37-401A-81B7-3BABC3D654D6}.Release|x64.Build.0 = Release|x64
		{1BEE3EC9-2E37-401A-81B7-3BABC3D654D6}.Release|x86.ActiveCfg = Release|Win32
		{1BEE3EC9-2E37-401A-81B7-3BABC3D654D6}.Release|x86.Build.0 = Release|Win32
		{FB7E0659-18AD-4F1A-879A-44E856E43352}.Debug|x64.ActiveCfg = Debug|x64
		{FB7E0659-18AD-4F1A-879A-44E856E43352}.Debug|x64.Build.0 = Debug|x64
		{FB7E0659-18AD-4F1A-879A-44E856E43352}.Debug|x86.ActiveCfg = Debug|Win32
		{FB7E0659-18AD-4F1A-879A-44E856E43352}.Debug|x86.Build.0 = Debug|Win32
		{FB7E0659-18AD-4F1A-879A-44E856E43352}.Release|x64.ActiveCfg = Release|x64
		{FB7E0659-18AD-4F1A-879A-44E856E43352}.Release|x64.Build.0 = Release|x64
		{FB7E0659-18AD-4F1A-879A-44E856E43352}.Release|x86.ActiveCfg = Release|Win32
		{FB7E0659-18AD-4F1A-879A-44E856E43352}.Release|x86.Build.0 = Release|Win32
		{F874CBFD-011F-42E7-AF5A-E6AC466A3CFA}.Debug|x64.ActiveCfg = Debug|x64
		{F874CBFD-011F-42E7-AF5A-E6AC466A3CFA}.Debug|x64.Build.0 = Debug|x64
		{F874CBFD-011F-42E7-AF5A-E6AC466A3CFA}.Debug|x86.ActiveCfg = Debug|Win32
		{F874CBFD-011F-42E7-AF5A-E6AC466A3CFA}.Debug|x86.Build.0 = Debug|Win32
		{F874CBFD-011F-42E7-AF5A-E6AC466A3CFA}.Release|x64.ActiveCfg = Release|x64
		{F874CBFD-011F-42E7-AF5A-E6AC466A3CFA}.Release|x64.Build.0 = Release|x64
		{F874CBFD-011F-42E7-AF5A-E6AC466A3CFA}.Release|x86.ActiveCfg = Release|Win32
		{F874CBFD-011F-42E7-AF5A-E6AC466A3CFA}.Release|x86.Build.0 = Release|Win32
	EndGlobalSection
	GlobalSection(SolutionProperties) = preSolution
		HideSolutionNode = FALSE
	EndGlobalSection
	GlobalSection(NestedProjects) = preSolution
		{8F8D6D51-A359-47B7-88A8-00AC8C2325DE} = {35DF991A-3F4C-4FD8-AB8C-C95188A575AA}
		{7BC489C1-2613-47F9-BDF2-EDDEEBAC642C} = {35DF991A-3F4C-4FD8-AB8C-C95188A575AA}
		{9AD1D281-2555-417D-AF01-B29F99F20A2E} = {35DF991A-3F4C-4FD8-AB8C-C95188A575AA}
		{9BC5F83F-9B33-4688-A454-ECB82B13A505} = {35DF991A-3F4C-4FD8-AB8C-C95188A575AA}
		{82E365D5-04EE-4AE8-B3E6-BA72F775BAFC} = {35DF991A-3F4C-4FD8-AB8C-C95188A575AA}
		{BA14763E-EAEF-4EEF-B4F4-9FAEF67CE2AF} = {35DF991A-3F4C-4FD8-AB8C-C95188A575AA}
		{E582156F-34BA-4BC2-9586-5BBC5FD7A3E1} = {FEFD9A96-BF20-4185-B32E-60237CEF3B6A}
		{94F8D78F-538B-4046-BBA8-21DD577078CE} = {FEFD9A96-BF20-4185-B32E-60237CEF3B6A}
		{9BF49FD6-05F9-4C32-AC83-E33C92CF52AE} = {FEFD9A96-BF20-4185-B32E-60237CEF3B6A}
		{9C4DA3AB-C604-45A6-B1F3-231E0871F732} = {FEFD9A96-BF20-4185-B32E-60237CEF3B6A}
		{0A11DB82-E6F8-4B82-9A87-9912B54C13B6} = {FEFD9A96-BF20-4185-B32E-60237CEF3B6A}
		{BF8D1A98-364D-4034-9ED6-4CFA55AFE2D2} = {FEFD9A96-BF20-4185-B32E-60237CEF3B6A}
		{2A6EDA8D-7880-4106-AD60-3E3A097A8A85} = {FEFD9A96-BF20-4185-B32E-60237CEF3B6A}
		{37FEB363-DC1A-4B41-9B07-B282F300B5DD} = {9587DBD8-68CF-4874-A094-1FFA3A110164}
		{9D70E623-37D1-4858-B82C-AB8031EF1D06} = {FEFD9A96-BF20-4185-B32E-60237CEF3B6A}
		{1FA33EC8-150E-4260-AF1F-BEC399C9962A} = {9587DBD8-68CF-4874-A094-1FFA3A110164}
		{881FEA05-102E-4623-8B37-271E8FBEB999} = {9587DBD8-68CF-4874-A094-1FFA3A110164}
		{FF9FDBDB-4AEB-462F-AF1F-62D34F0B2A11} = {9587DBD8-68CF-4874-A094-1FFA3A110164}
		{AC18A2D5-8040-4EB5-8404-8E79663F6C5E} = {9587DBD8-68CF-4874-A094-1FFA3A110164}
		{A8DC4226-5BA9-46C1-96B5-9DD7E95DB777} = {9587DBD8-68CF-4874-A094-1FFA3A110164}
		{B9A64385-4C0A-4C96-888D-1BC95C7C6843} = {099DF39F-1A42-4500-A740-74FEB304D1D3}
		{6151F2FE-5567-4326-A5F3-BBB835DD73BA} = {099DF39F-1A42-4500-A740-74FEB304D1D3}
		{D506E8E8-8FD3-4635-8C7E-26F0CDEBF7C2} = {099DF39F-1A42-4500-A740-74FEB304D1D3}
		{63ABE075-D491-47C8-909B-0CFF0B007266} = {099DF39F-1A42-4500-A740-74FEB304D1D3}
		{8A97E85A-F597-4DC3-816E-E54F79FF8EFA} = {099DF39F-1A42-4500-A740-74FEB304D1D3}
		{77595C58-2101-4EE2-95C6-16B756446AEF} = {C6E9832E-C5D8-4517-9D13-1AA009927111}
		{DAE18165-634F-46E0-B39D-2D8CEEAA5711} = {C6E9832E-C5D8-4517-9D13-1AA009927111}
		{597F25B5-DF04-42A1-8A33-82311FF90A39} = {C6E9832E-C5D8-4517-9D13-1AA009927111}
		{ED833B0A-D146-4182-856E-6C730654CBC1} = {C6E9832E-C5D8-4517-9D13-1AA009927111}
		{E3B94048-B46A-41CE-95AD-D6B7C4B8064C} = {EB3EA087-1DE3-4636-9974-5566395D5A57}
		{91F8E76A-D0EF-44AB-BD2B-36CBC5EEF089} = {EB3EA087-1DE3-4636-9974-5566395D5A57}
		{1CFAE6BD-FE0D-4B71-BFA0-8F8CFB755E57} = {EB3EA087-1DE3-4636-9974-5566395D5A57}
		{F5416392-5754-445D-8649-DF83F6655168} = {EB3EA087-1DE3-4636-9974-5566395D5A57}
		{140C0559-20FC-4604-A40D-ACBCB47E7BB0} = {EB3EA087-1DE3-4636-9974-5566395D5A57}
		{FD122E8D-70B1-4919-874F-39B6987BB9FB} = {9EE5475C-6D91-4EDB-96A4-973455B133F8}
		{22BF9CF9-3F3F-4104-BF9D-E65D8E002919} = {9EE5475C-6D91-4EDB-96A4-973455B133F8}
		{AD18C19A-C933-4D55-86A9-B27FDD49D3E3} = {9EE5475C-6D91-4EDB-96A4-973455B133F8}
		{0B31FF55-A777-4AC1-AEBE-168E6204D287} = {9EE5475C-6D91-4EDB-96A4-973455B133F8}
		{2D85E5D3-B5C7-486B-BAA0-DE40C89D9C72} = {9EE5475C-6D91-4EDB-96A4-973455B133F8}
		{B12F142D-42A5-4DF2-BC5C-834A5E002BB6} = {6D24A845-F310-4CC5-B9FC-46BC52B8E806}
		{E199CFEA-1D39-47F8-9479-168550981CC7} = {6D24A845-F310-4CC5-B9FC-46BC52B8E806}
		{8646126F-CB17-4518-9D1F-EB965A299A45} = {78E37FF9-10C6-4FEC-8AF7-E76CE4C046FA}
		{1BEE3EC9-2E37-401A-81B7-3BABC3D654D6} = {39B30110-6F65-46B6-8FC8-78D7224AA809}
		{FB7E0659-18AD-4F1A-879A-44E856E43352} = {39B30110-6F65-46B6-8FC8-78D7224AA809}
		{F874CBFD-011F-42E7-AF5A-E6AC466A3CFA} = {9587DBD8-68CF-4874-A094-1FFA3A110164}
	EndGlobalSection
	GlobalSection(ExtensibilityGlobals) = postSolution
		SolutionGuid = {35A8FCC7-B9C4-4E2F-8B99-F84B7A55DACD}
	EndGlobalSection
EndGlobal
